
Microsoft Visual Studio Solution File, Format Version 12.00
# Visual Studio Version 16
VisualStudioVersion = 16.0.29521.150
MinimumVisualStudioVersion = 10.0.40219.1
Project("{FAE04EC0-301F-11D3-BF4B-00C04F79EFBC}") = "PE3-new", "PE3-new.csproj", "{313DE0F3-A283-4A67-864B-9EC89811B9A2}"
EndProject
Global
	GlobalSection(SolutionConfigurationPlatforms) = preSolution
		Debug|Any CPU = Debug|Any CPU
		Release|Any CPU = Release|Any CPU
	EndGlobalSection
	GlobalSection(ProjectConfigurationPlatforms) = postSolution
		{313DE0F3-A283-4A67-864B-9EC89811B9A2}.Debug|Any CPU.ActiveCfg = Debug|Any CPU
		{313DE0F3-A283-4A67-864B-9EC89811B9A2}.Debug|Any CPU.Build.0 = Debug|Any CPU
		{313DE0F3-A283-4A67-864B-9EC89811B9A2}.Release|Any CPU.ActiveCfg = Release|Any CPU
		{313DE0F3-A283-4A67-864B-9EC89811B9A2}.Release|Any CPU.Build.0 = Release|Any CPU
	EndGlobalSection
	GlobalSection(SolutionProperties) = preSolution
		HideSolutionNode = FALSE
	EndGlobalSection
	GlobalSection(ExtensibilityGlobals) = postSolution
		SolutionGuid = {015504D5-A33A-4E29-9056-870F6D031F92}
	EndGlobalSection
EndGlobal
